
Microsoft Visual Studio Solution File, Format Version 12.00
# Visual Studio Version 17
VisualStudioVersion = 17.4.33213.308
MinimumVisualStudioVersion = 10.0.40219.1
Project("{9A19103F-16F7-4668-BE54-9A1E7A4F7556}") = "E-CODING-FrontBlazor", "E-CODING-FrontBlazor.csproj", "{EF0D624C-3725-4DC5-9A4A-E09945D98371}"
EndProject
Global
	GlobalSection(SolutionConfigurationPlatforms) = preSolution
		Debug|Any CPU = Debug|Any CPU
		Release|Any CPU = Release|Any CPU
	EndGlobalSection
	GlobalSection(ProjectConfigurationPlatforms) = postSolution
		{EF0D624C-3725-4DC5-9A4A-E09945D98371}.Debug|Any CPU.ActiveCfg = Debug|Any CPU
		{EF0D624C-3725-4DC5-9A4A-E09945D98371}.Debug|Any CPU.Build.0 = Debug|Any CPU
		{EF0D624C-3725-4DC5-9A4A-E09945D98371}.Release|Any CPU.ActiveCfg = Release|Any CPU
		{EF0D624C-3725-4DC5-9A4A-E09945D98371}.Release|Any CPU.Build.0 = Release|Any CPU
	EndGlobalSection
	GlobalSection(SolutionProperties) = preSolution
		HideSolutionNode = FALSE
	EndGlobalSection
	GlobalSection(ExtensibilityGlobals) = postSolution
		SolutionGuid = {F17D7E6B-E56F-4A89-8597-30096BDA43DB}
	EndGlobalSection
EndGlobal
